
Microsoft Visual Studio Solution File, Format Version 12.00
# Visual Studio 2012
Project("{FAE04EC0-301F-11D3-BF4B-00C04F79EFBC}") = "Alexandria", "Alexandria\Alexandria.csproj", "{FCD1C6C9-B4BF-49CF-9C92-D16E4B40A869}"
EndProject
Project("{2150E333-8FDC-42A3-9474-1A3956D46DE8}") = "Plugins", "Plugins", "{83237CF3-A722-4BB8-9123-377BCED7BE0F}"
EndProject
Project("{2150E333-8FDC-42A3-9474-1A3956D46DE8}") = "Games", "Games", "{D286D52E-7BD8-4768-800A-A9DC75EFAE0E}"
EndProject
Project("{FAE04EC0-301F-11D3-BF4B-00C04F79EFBC}") = "Alexandria.Engines.DarkSouls", "Alexandria.Engines.DarkSouls\Alexandria.Engines.DarkSouls.csproj", "{9B228E11-16E4-49B0-AE40-F3FC67E57240}"
EndProject
Project("{FAE04EC0-301F-11D3-BF4B-00C04F79EFBC}") = "Alexandria.Browser", "Alexandria.Browser\Alexandria.Browser.csproj", "{2A8D381C-6BF5-424F-8F27-8F539F52881C}"
EndProject
Project("{2150E333-8FDC-42A3-9474-1A3956D46DE8}") = "Glare", "Glare", "{19A0C8AB-AA05-4489-BFA6-D2A0DD990CAE}"
EndProject
Project("{FAE04EC0-301F-11D3-BF4B-00C04F79EFBC}") = "Glare", "Glare\Glare.csproj", "{125D9251-7CD0-4801-AB84-CB3F1F6978B1}"
EndProject
Project("{FAE04EC0-301F-11D3-BF4B-00C04F79EFBC}") = "Glare.Graphics", "Glare.Graphics\Glare.Graphics.csproj", "{6EC9BD9E-DA82-48DB-A01B-7BB90E1A1F71}"
EndProject
Project("{FAE04EC0-301F-11D3-BF4B-00C04F79EFBC}") = "Glare.Engine", "Glare.Engine\Glare.Engine.csproj", "{518F1B56-8857-4719-B43D-CFA9E8122184}"
EndProject
Project("{2150E333-8FDC-42A3-9474-1A3956D46DE8}") = "General", "General", "{7DDE46BE-B173-4E23-8F3D-F51679D68A04}"
EndProject
Project("{FAE04EC0-301F-11D3-BF4B-00C04F79EFBC}") = "Alexandria.Plugins.General", "Alexandria.Plugins.General\Alexandria.Plugins.General.csproj", "{6B825D69-E9BF-4EFE-B39A-8C2291921447}"
EndProject
Project("{2150E333-8FDC-42A3-9474-1A3956D46DE8}") = "Platforms", "Platforms", "{B544A265-8F94-45A0-A420-A680E477E23C}"
EndProject
Project("{FAE04EC0-301F-11D3-BF4B-00C04F79EFBC}") = "Alexandria.Platforms.NintendoDS", "Alexandria.Systems.NintendoDS\Alexandria.Platforms.NintendoDS.csproj", "{53394454-208E-4C45-A9E4-F056A3E7EDDF}"
EndProject
Project("{2150E333-8FDC-42A3-9474-1A3956D46DE8}") = "Engines", "Engines", "{0A83D068-D0CD-40BC-8CE5-784586C5110A}"
EndProject
Project("{FAE04EC0-301F-11D3-BF4B-00C04F79EFBC}") = "Alexandria.Engines.Unreal", "Alexandria.Engines.Unreal\Alexandria.Engines.Unreal.csproj", "{EB667992-2E04-4F57-B3C1-5EB8F7F6DFB9}"
EndProject
Project("{FAE04EC0-301F-11D3-BF4B-00C04F79EFBC}") = "Alexandria.Engines.Sciagi", "Alexandria.Engines.Sciagi\Alexandria.Engines.Sciagi.csproj", "{28068168-76BE-4C69-956A-E180C1212CBB}"
EndProject
Project("{FAE04EC0-301F-11D3-BF4B-00C04F79EFBC}") = "Alexandria.Engines.GoldBox", "Alexandria.Engines.GoldBox\Alexandria.Engines.GoldBox.csproj", "{508A5328-255D-4DD7-8E5F-32FF5E37E41E}"
EndProject
Project("{FAE04EC0-301F-11D3-BF4B-00C04F79EFBC}") = "Moki", "Moki\Moki.csproj", "{9742C179-0B75-48FB-95C4-F9C68C66F766}"
EndProject
Project("{FAE04EC0-301F-11D3-BF4B-00C04F79EFBC}") = "Moki.Compilers.CSharp", "Moki.CSharp\Moki.Compilers.CSharp.csproj", "{4F0587F7-B000-4DBB-BF2C-DC53022C561A}"
EndProject
Project("{FAE04EC0-301F-11D3-BF4B-00C04F79EFBC}") = "Moki.Floop", "Moki.Compilers.Floop\Moki.Floop.csproj", "{63EA089E-7360-43F1-B421-360173F2341C}"
EndProject
Project("{6141683F-8A12-4E36-9623-2EB02B2C2303}") = "Setup", "Setup\Setup.isproj", "{8F51683F-99C5-46E1-A126-E5A057015E39}"
	ProjectSection(ProjectDependencies) = postProject
		{C257544B-C940-4278-B56F-E2C9EEA94104} = {C257544B-C940-4278-B56F-E2C9EEA94104}
		{125D9251-7CD0-4801-AB84-CB3F1F6978B1} = {125D9251-7CD0-4801-AB84-CB3F1F6978B1}
		{518F1B56-8857-4719-B43D-CFA9E8122184} = {518F1B56-8857-4719-B43D-CFA9E8122184}
		{E3809E79-FE0A-4425-A1A1-575F6719EC45} = {E3809E79-FE0A-4425-A1A1-575F6719EC45}
		{FCD1C6C9-B4BF-49CF-9C92-D16E4B40A869} = {FCD1C6C9-B4BF-49CF-9C92-D16E4B40A869}
	EndProjectSection
EndProject
Project("{FAE04EC0-301F-11D3-BF4B-00C04F79EFBC}") = "Glare.Assets", "Glare.Assets\Glare.Assets.csproj", "{E3809E79-FE0A-4425-A1A1-575F6719EC45}"
EndProject
Project("{FAE04EC0-301F-11D3-BF4B-00C04F79EFBC}") = "Alexandria.Games.Albion", "Alexandria.Games.Albion\Alexandria.Games.Albion.csproj", "{C257544B-C940-4278-B56F-E2C9EEA94104}"
EndProject
Project("{2150E333-8FDC-42A3-9474-1A3956D46DE8}") = ".nuget", ".nuget", "{97C324FC-05CA-423D-A282-5217EC582DD9}"
	ProjectSection(SolutionItems) = preProject
		.nuget\packages.config = .nuget\packages.config
	EndProjectSection
EndProject
Project("{7CF6DF6D-3B04-46F8-A40B-537D21BCA0B4}") = "Documentation", "Documentation\Documentation.shfbproj", "{110908B2-4B2A-4D0D-8953-A3D255610F05}"
EndProject
Global
	GlobalSection(SolutionConfigurationPlatforms) = preSolution
		CD_ROM|Any CPU = CD_ROM|Any CPU
		CD_ROM|x86 = CD_ROM|x86
		Debug|Any CPU = Debug|Any CPU
		Debug|x86 = Debug|x86
		DVD-5|Any CPU = DVD-5|Any CPU
		DVD-5|x86 = DVD-5|x86
		Release|Any CPU = Release|Any CPU
		Release|x86 = Release|x86
		SingleImage|Any CPU = SingleImage|Any CPU
		SingleImage|x86 = SingleImage|x86
	EndGlobalSection
	GlobalSection(ProjectConfigurationPlatforms) = postSolution
		{FCD1C6C9-B4BF-49CF-9C92-D16E4B40A869}.CD_ROM|Any CPU.ActiveCfg = Release|Any CPU
		{FCD1C6C9-B4BF-49CF-9C92-D16E4B40A869}.CD_ROM|Any CPU.Build.0 = Release|Any CPU
		{FCD1C6C9-B4BF-49CF-9C92-D16E4B40A869}.CD_ROM|x86.ActiveCfg = Release|x86
		{FCD1C6C9-B4BF-49CF-9C92-D16E4B40A869}.CD_ROM|x86.Build.0 = Release|x86
		{FCD1C6C9-B4BF-49CF-9C92-D16E4B40A869}.Debug|Any CPU.ActiveCfg = Debug|Any CPU
		{FCD1C6C9-B4BF-49CF-9C92-D16E4B40A869}.Debug|Any CPU.Build.0 = Debug|Any CPU
		{FCD1C6C9-B4BF-49CF-9C92-D16E4B40A869}.Debug|x86.ActiveCfg = Debug|x86
		{FCD1C6C9-B4BF-49CF-9C92-D16E4B40A869}.Debug|x86.Build.0 = Debug|x86
		{FCD1C6C9-B4BF-49CF-9C92-D16E4B40A869}.DVD-5|Any CPU.ActiveCfg = Debug|Any CPU
		{FCD1C6C9-B4BF-49CF-9C92-D16E4B40A869}.DVD-5|Any CPU.Build.0 = Debug|Any CPU
		{FCD1C6C9-B4BF-49CF-9C92-D16E4B40A869}.DVD-5|x86.ActiveCfg = Debug|x86
		{FCD1C6C9-B4BF-49CF-9C92-D16E4B40A869}.DVD-5|x86.Build.0 = Debug|x86
		{FCD1C6C9-B4BF-49CF-9C92-D16E4B40A869}.Release|Any CPU.ActiveCfg = Release|Any CPU
		{FCD1C6C9-B4BF-49CF-9C92-D16E4B40A869}.Release|Any CPU.Build.0 = Release|Any CPU
		{FCD1C6C9-B4BF-49CF-9C92-D16E4B40A869}.Release|x86.ActiveCfg = Release|x86
		{FCD1C6C9-B4BF-49CF-9C92-D16E4B40A869}.Release|x86.Build.0 = Release|x86
		{FCD1C6C9-B4BF-49CF-9C92-D16E4B40A869}.SingleImage|Any CPU.ActiveCfg = Debug|Any CPU
		{FCD1C6C9-B4BF-49CF-9C92-D16E4B40A869}.SingleImage|Any CPU.Build.0 = Debug|Any CPU
		{FCD1C6C9-B4BF-49CF-9C92-D16E4B40A869}.SingleImage|x86.ActiveCfg = Release|x86
		{FCD1C6C9-B4BF-49CF-9C92-D16E4B40A869}.SingleImage|x86.Build.0 = Release|x86
		{9B228E11-16E4-49B0-AE40-F3FC67E57240}.CD_ROM|Any CPU.ActiveCfg = Release|Any CPU
		{9B228E11-16E4-49B0-AE40-F3FC67E57240}.CD_ROM|Any CPU.Build.0 = Release|Any CPU
		{9B228E11-16E4-49B0-AE40-F3FC67E57240}.CD_ROM|x86.ActiveCfg = Release|x86
		{9B228E11-16E4-49B0-AE40-F3FC67E57240}.CD_ROM|x86.Build.0 = Release|x86
		{9B228E11-16E4-49B0-AE40-F3FC67E57240}.Debug|Any CPU.ActiveCfg = Debug|Any CPU
		{9B228E11-16E4-49B0-AE40-F3FC67E57240}.Debug|Any CPU.Build.0 = Debug|Any CPU
		{9B228E11-16E4-49B0-AE40-F3FC67E57240}.Debug|x86.ActiveCfg = Debug|x86
		{9B228E11-16E4-49B0-AE40-F3FC67E57240}.Debug|x86.Build.0 = Debug|x86
		{9B228E11-16E4-49B0-AE40-F3FC67E57240}.DVD-5|Any CPU.ActiveCfg = Debug|Any CPU
		{9B228E11-16E4-49B0-AE40-F3FC67E57240}.DVD-5|Any CPU.Build.0 = Debug|Any CPU
		{9B228E11-16E4-49B0-AE40-F3FC67E57240}.DVD-5|x86.ActiveCfg = Debug|x86
		{9B228E11-16E4-49B0-AE40-F3FC67E57240}.DVD-5|x86.Build.0 = Debug|x86
		{9B228E11-16E4-49B0-AE40-F3FC67E57240}.Release|Any CPU.ActiveCfg = Release|Any CPU
		{9B228E11-16E4-49B0-AE40-F3FC67E57240}.Release|Any CPU.Build.0 = Release|Any CPU
		{9B228E11-16E4-49B0-AE40-F3FC67E57240}.Release|x86.ActiveCfg = Release|x86
		{9B228E11-16E4-49B0-AE40-F3FC67E57240}.Release|x86.Build.0 = Release|x86
		{9B228E11-16E4-49B0-AE40-F3FC67E57240}.SingleImage|Any CPU.ActiveCfg = Debug|Any CPU
		{9B228E11-16E4-49B0-AE40-F3FC67E57240}.SingleImage|Any CPU.Build.0 = Debug|Any CPU
		{9B228E11-16E4-49B0-AE40-F3FC67E57240}.SingleImage|x86.ActiveCfg = Release|x86
		{9B228E11-16E4-49B0-AE40-F3FC67E57240}.SingleImage|x86.Build.0 = Release|x86
		{2A8D381C-6BF5-424F-8F27-8F539F52881C}.CD_ROM|Any CPU.ActiveCfg = Release|Any CPU
		{2A8D381C-6BF5-424F-8F27-8F539F52881C}.CD_ROM|Any CPU.Build.0 = Release|Any CPU
		{2A8D381C-6BF5-424F-8F27-8F539F52881C}.CD_ROM|x86.ActiveCfg = Release|x86
		{2A8D381C-6BF5-424F-8F27-8F539F52881C}.CD_ROM|x86.Build.0 = Release|x86
		{2A8D381C-6BF5-424F-8F27-8F539F52881C}.Debug|Any CPU.ActiveCfg = Debug|Any CPU
		{2A8D381C-6BF5-424F-8F27-8F539F52881C}.Debug|Any CPU.Build.0 = Debug|Any CPU
		{2A8D381C-6BF5-424F-8F27-8F539F52881C}.Debug|x86.ActiveCfg = Debug|x86
		{2A8D381C-6BF5-424F-8F27-8F539F52881C}.Debug|x86.Build.0 = Debug|x86
		{2A8D381C-6BF5-424F-8F27-8F539F52881C}.DVD-5|Any CPU.ActiveCfg = Debug|Any CPU
		{2A8D381C-6BF5-424F-8F27-8F539F52881C}.DVD-5|Any CPU.Build.0 = Debug|Any CPU
		{2A8D381C-6BF5-424F-8F27-8F539F52881C}.DVD-5|x86.ActiveCfg = Debug|x86
		{2A8D381C-6BF5-424F-8F27-8F539F52881C}.DVD-5|x86.Build.0 = Debug|x86
		{2A8D381C-6BF5-424F-8F27-8F539F52881C}.Release|Any CPU.ActiveCfg = Release|Any CPU
		{2A8D381C-6BF5-424F-8F27-8F539F52881C}.Release|Any CPU.Build.0 = Release|Any CPU
		{2A8D381C-6BF5-424F-8F27-8F539F52881C}.Release|x86.ActiveCfg = Release|x86
		{2A8D381C-6BF5-424F-8F27-8F539F52881C}.Release|x86.Build.0 = Release|x86
		{2A8D381C-6BF5-424F-8F27-8F539F52881C}.SingleImage|Any CPU.ActiveCfg = Debug|Any CPU
		{2A8D381C-6BF5-424F-8F27-8F539F52881C}.SingleImage|Any CPU.Build.0 = Debug|Any CPU
		{2A8D381C-6BF5-424F-8F27-8F539F52881C}.SingleImage|x86.ActiveCfg = Release|x86
		{2A8D381C-6BF5-424F-8F27-8F539F52881C}.SingleImage|x86.Build.0 = Release|x86
		{125D9251-7CD0-4801-AB84-CB3F1F6978B1}.CD_ROM|Any CPU.ActiveCfg = Release|Any CPU
		{125D9251-7CD0-4801-AB84-CB3F1F6978B1}.CD_ROM|Any CPU.Build.0 = Release|Any CPU
		{125D9251-7CD0-4801-AB84-CB3F1F6978B1}.CD_ROM|x86.ActiveCfg = Release|x86
		{125D9251-7CD0-4801-AB84-CB3F1F6978B1}.CD_ROM|x86.Build.0 = Release|x86
		{125D9251-7CD0-4801-AB84-CB3F1F6978B1}.Debug|Any CPU.ActiveCfg = Debug|Any CPU
		{125D9251-7CD0-4801-AB84-CB3F1F6978B1}.Debug|Any CPU.Build.0 = Debug|Any CPU
		{125D9251-7CD0-4801-AB84-CB3F1F6978B1}.Debug|x86.ActiveCfg = Debug|x86
		{125D9251-7CD0-4801-AB84-CB3F1F6978B1}.Debug|x86.Build.0 = Debug|x86
		{125D9251-7CD0-4801-AB84-CB3F1F6978B1}.DVD-5|Any CPU.ActiveCfg = Debug|Any CPU
		{125D9251-7CD0-4801-AB84-CB3F1F6978B1}.DVD-5|Any CPU.Build.0 = Debug|Any CPU
		{125D9251-7CD0-4801-AB84-CB3F1F6978B1}.DVD-5|x86.ActiveCfg = Debug|x86
		{125D9251-7CD0-4801-AB84-CB3F1F6978B1}.DVD-5|x86.Build.0 = Debug|x86
		{125D9251-7CD0-4801-AB84-CB3F1F6978B1}.Release|Any CPU.ActiveCfg = Release|Any CPU
		{125D9251-7CD0-4801-AB84-CB3F1F6978B1}.Release|Any CPU.Build.0 = Release|Any CPU
		{125D9251-7CD0-4801-AB84-CB3F1F6978B1}.Release|x86.ActiveCfg = Release|x86
		{125D9251-7CD0-4801-AB84-CB3F1F6978B1}.Release|x86.Build.0 = Release|x86
		{125D9251-7CD0-4801-AB84-CB3F1F6978B1}.SingleImage|Any CPU.ActiveCfg = Debug|Any CPU
		{125D9251-7CD0-4801-AB84-CB3F1F6978B1}.SingleImage|Any CPU.Build.0 = Debug|Any CPU
		{125D9251-7CD0-4801-AB84-CB3F1F6978B1}.SingleImage|x86.ActiveCfg = Release|x86
		{125D9251-7CD0-4801-AB84-CB3F1F6978B1}.SingleImage|x86.Build.0 = Release|x86
		{6EC9BD9E-DA82-48DB-A01B-7BB90E1A1F71}.CD_ROM|Any CPU.ActiveCfg = Release|Any CPU
		{6EC9BD9E-DA82-48DB-A01B-7BB90E1A1F71}.CD_ROM|Any CPU.Build.0 = Release|Any CPU
		{6EC9BD9E-DA82-48DB-A01B-7BB90E1A1F71}.CD_ROM|x86.ActiveCfg = Release|x86
		{6EC9BD9E-DA82-48DB-A01B-7BB90E1A1F71}.CD_ROM|x86.Build.0 = Release|x86
		{6EC9BD9E-DA82-48DB-A01B-7BB90E1A1F71}.Debug|Any CPU.ActiveCfg = Debug|Any CPU
		{6EC9BD9E-DA82-48DB-A01B-7BB90E1A1F71}.Debug|Any CPU.Build.0 = Debug|Any CPU
		{6EC9BD9E-DA82-48DB-A01B-7BB90E1A1F71}.Debug|x86.ActiveCfg = Debug|x86
		{6EC9BD9E-DA82-48DB-A01B-7BB90E1A1F71}.Debug|x86.Build.0 = Debug|x86
		{6EC9BD9E-DA82-48DB-A01B-7BB90E1A1F71}.DVD-5|Any CPU.ActiveCfg = Debug|Any CPU
		{6EC9BD9E-DA82-48DB-A01B-7BB90E1A1F71}.DVD-5|Any CPU.Build.0 = Debug|Any CPU
		{6EC9BD9E-DA82-48DB-A01B-7BB90E1A1F71}.DVD-5|x86.ActiveCfg = Debug|x86
		{6EC9BD9E-DA82-48DB-A01B-7BB90E1A1F71}.DVD-5|x86.Build.0 = Debug|x86
		{6EC9BD9E-DA82-48DB-A01B-7BB90E1A1F71}.Release|Any CPU.ActiveCfg = Release|Any CPU
		{6EC9BD9E-DA82-48DB-A01B-7BB90E1A1F71}.Release|Any CPU.Build.0 = Release|Any CPU
		{6EC9BD9E-DA82-48DB-A01B-7BB90E1A1F71}.Release|x86.ActiveCfg = Release|x86
		{6EC9BD9E-DA82-48DB-A01B-7BB90E1A1F71}.Release|x86.Build.0 = Release|x86
		{6EC9BD9E-DA82-48DB-A01B-7BB90E1A1F71}.SingleImage|Any CPU.ActiveCfg = Debug|Any CPU
		{6EC9BD9E-DA82-48DB-A01B-7BB90E1A1F71}.SingleImage|Any CPU.Build.0 = Debug|Any CPU
		{6EC9BD9E-DA82-48DB-A01B-7BB90E1A1F71}.SingleImage|x86.ActiveCfg = Release|x86
		{6EC9BD9E-DA82-48DB-A01B-7BB90E1A1F71}.SingleImage|x86.Build.0 = Release|x86
		{518F1B56-8857-4719-B43D-CFA9E8122184}.CD_ROM|Any CPU.ActiveCfg = Release|Any CPU
		{518F1B56-8857-4719-B43D-CFA9E8122184}.CD_ROM|Any CPU.Build.0 = Release|Any CPU
		{518F1B56-8857-4719-B43D-CFA9E8122184}.CD_ROM|x86.ActiveCfg = Release|x86
		{518F1B56-8857-4719-B43D-CFA9E8122184}.CD_ROM|x86.Build.0 = Release|x86
		{518F1B56-8857-4719-B43D-CFA9E8122184}.Debug|Any CPU.ActiveCfg = Debug|Any CPU
		{518F1B56-8857-4719-B43D-CFA9E8122184}.Debug|Any CPU.Build.0 = Debug|Any CPU
		{518F1B56-8857-4719-B43D-CFA9E8122184}.Debug|x86.ActiveCfg = Debug|x86
		{518F1B56-8857-4719-B43D-CFA9E8122184}.Debug|x86.Build.0 = Debug|x86
		{518F1B56-8857-4719-B43D-CFA9E8122184}.DVD-5|Any CPU.ActiveCfg = Debug|Any CPU
		{518F1B56-8857-4719-B43D-CFA9E8122184}.DVD-5|Any CPU.Build.0 = Debug|Any CPU
		{518F1B56-8857-4719-B43D-CFA9E8122184}.DVD-5|x86.ActiveCfg = Debug|x86
		{518F1B56-8857-4719-B43D-CFA9E8122184}.DVD-5|x86.Build.0 = Debug|x86
		{518F1B56-8857-4719-B43D-CFA9E8122184}.Release|Any CPU.ActiveCfg = Release|Any CPU
		{518F1B56-8857-4719-B43D-CFA9E8122184}.Release|Any CPU.Build.0 = Release|Any CPU
		{518F1B56-8857-4719-B43D-CFA9E8122184}.Release|x86.ActiveCfg = Release|x86
		{518F1B56-8857-4719-B43D-CFA9E8122184}.Release|x86.Build.0 = Release|x86
		{518F1B56-8857-4719-B43D-CFA9E8122184}.SingleImage|Any CPU.ActiveCfg = Debug|Any CPU
		{518F1B56-8857-4719-B43D-CFA9E8122184}.SingleImage|Any CPU.Build.0 = Debug|Any CPU
		{518F1B56-8857-4719-B43D-CFA9E8122184}.SingleImage|x86.ActiveCfg = Release|x86
		{518F1B56-8857-4719-B43D-CFA9E8122184}.SingleImage|x86.Build.0 = Release|x86
		{6B825D69-E9BF-4EFE-B39A-8C2291921447}.CD_ROM|Any CPU.ActiveCfg = Release|Any CPU
		{6B825D69-E9BF-4EFE-B39A-8C2291921447}.CD_ROM|Any CPU.Build.0 = Release|Any CPU
		{6B825D69-E9BF-4EFE-B39A-8C2291921447}.CD_ROM|x86.ActiveCfg = Release|x86
		{6B825D69-E9BF-4EFE-B39A-8C2291921447}.CD_ROM|x86.Build.0 = Release|x86
		{6B825D69-E9BF-4EFE-B39A-8C2291921447}.Debug|Any CPU.ActiveCfg = Debug|Any CPU
		{6B825D69-E9BF-4EFE-B39A-8C2291921447}.Debug|Any CPU.Build.0 = Debug|Any CPU
		{6B825D69-E9BF-4EFE-B39A-8C2291921447}.Debug|x86.ActiveCfg = Debug|x86
		{6B825D69-E9BF-4EFE-B39A-8C2291921447}.Debug|x86.Build.0 = Debug|x86
		{6B825D69-E9BF-4EFE-B39A-8C2291921447}.DVD-5|Any CPU.ActiveCfg = Debug|Any CPU
		{6B825D69-E9BF-4EFE-B39A-8C2291921447}.DVD-5|Any CPU.Build.0 = Debug|Any CPU
		{6B825D69-E9BF-4EFE-B39A-8C2291921447}.DVD-5|x86.ActiveCfg = Debug|x86
		{6B825D69-E9BF-4EFE-B39A-8C2291921447}.DVD-5|x86.Build.0 = Debug|x86
		{6B825D69-E9BF-4EFE-B39A-8C2291921447}.Release|Any CPU.ActiveCfg = Release|Any CPU
		{6B825D69-E9BF-4EFE-B39A-8C2291921447}.Release|Any CPU.Build.0 = Release|Any CPU
		{6B825D69-E9BF-4EFE-B39A-8C2291921447}.Release|x86.ActiveCfg = Release|x86
		{6B825D69-E9BF-4EFE-B39A-8C2291921447}.Release|x86.Build.0 = Release|x86
		{6B825D69-E9BF-4EFE-B39A-8C2291921447}.SingleImage|Any CPU.ActiveCfg = Debug|Any CPU
		{6B825D69-E9BF-4EFE-B39A-8C2291921447}.SingleImage|Any CPU.Build.0 = Debug|Any CPU
		{6B825D69-E9BF-4EFE-B39A-8C2291921447}.SingleImage|x86.ActiveCfg = Release|x86
		{6B825D69-E9BF-4EFE-B39A-8C2291921447}.SingleImage|x86.Build.0 = Release|x86
		{53394454-208E-4C45-A9E4-F056A3E7EDDF}.CD_ROM|Any CPU.ActiveCfg = Release|Any CPU
		{53394454-208E-4C45-A9E4-F056A3E7EDDF}.CD_ROM|Any CPU.Build.0 = Release|Any CPU
		{53394454-208E-4C45-A9E4-F056A3E7EDDF}.CD_ROM|x86.ActiveCfg = Release|x86
		{53394454-208E-4C45-A9E4-F056A3E7EDDF}.CD_ROM|x86.Build.0 = Release|x86
		{53394454-208E-4C45-A9E4-F056A3E7EDDF}.Debug|Any CPU.ActiveCfg = Debug|Any CPU
		{53394454-208E-4C45-A9E4-F056A3E7EDDF}.Debug|Any CPU.Build.0 = Debug|Any CPU
		{53394454-208E-4C45-A9E4-F056A3E7EDDF}.Debug|x86.ActiveCfg = Debug|x86
		{53394454-208E-4C45-A9E4-F056A3E7EDDF}.Debug|x86.Build.0 = Debug|x86
		{53394454-208E-4C45-A9E4-F056A3E7EDDF}.DVD-5|Any CPU.ActiveCfg = Debug|Any CPU
		{53394454-208E-4C45-A9E4-F056A3E7EDDF}.DVD-5|Any CPU.Build.0 = Debug|Any CPU
		{53394454-208E-4C45-A9E4-F056A3E7EDDF}.DVD-5|x86.ActiveCfg = Debug|x86
		{53394454-208E-4C45-A9E4-F056A3E7EDDF}.DVD-5|x86.Build.0 = Debug|x86
		{53394454-208E-4C45-A9E4-F056A3E7EDDF}.Release|Any CPU.ActiveCfg = Release|Any CPU
		{53394454-208E-4C45-A9E4-F056A3E7EDDF}.Release|Any CPU.Build.0 = Release|Any CPU
		{53394454-208E-4C45-A9E4-F056A3E7EDDF}.Release|x86.ActiveCfg = Release|x86
		{53394454-208E-4C45-A9E4-F056A3E7EDDF}.Release|x86.Build.0 = Release|x86
		{53394454-208E-4C45-A9E4-F056A3E7EDDF}.SingleImage|Any CPU.ActiveCfg = Debug|Any CPU
		{53394454-208E-4C45-A9E4-F056A3E7EDDF}.SingleImage|Any CPU.Build.0 = Debug|Any CPU
		{53394454-208E-4C45-A9E4-F056A3E7EDDF}.SingleImage|x86.ActiveCfg = Release|x86
		{53394454-208E-4C45-A9E4-F056A3E7EDDF}.SingleImage|x86.Build.0 = Release|x86
		{EB667992-2E04-4F57-B3C1-5EB8F7F6DFB9}.CD_ROM|Any CPU.ActiveCfg = Release|Any CPU
		{EB667992-2E04-4F57-B3C1-5EB8F7F6DFB9}.CD_ROM|Any CPU.Build.0 = Release|Any CPU
		{EB667992-2E04-4F57-B3C1-5EB8F7F6DFB9}.CD_ROM|x86.ActiveCfg = Release|x86
		{EB667992-2E04-4F57-B3C1-5EB8F7F6DFB9}.CD_ROM|x86.Build.0 = Release|x86
		{EB667992-2E04-4F57-B3C1-5EB8F7F6DFB9}.Debug|Any CPU.ActiveCfg = Debug|Any CPU
		{EB667992-2E04-4F57-B3C1-5EB8F7F6DFB9}.Debug|Any CPU.Build.0 = Debug|Any CPU
		{EB667992-2E04-4F57-B3C1-5EB8F7F6DFB9}.Debug|x86.ActiveCfg = Debug|x86
		{EB667992-2E04-4F57-B3C1-5EB8F7F6DFB9}.Debug|x86.Build.0 = Debug|x86
		{EB667992-2E04-4F57-B3C1-5EB8F7F6DFB9}.DVD-5|Any CPU.ActiveCfg = Debug|Any CPU
		{EB667992-2E04-4F57-B3C1-5EB8F7F6DFB9}.DVD-5|Any CPU.Build.0 = Debug|Any CPU
		{EB667992-2E04-4F57-B3C1-5EB8F7F6DFB9}.DVD-5|x86.ActiveCfg = Debug|x86
		{EB667992-2E04-4F57-B3C1-5EB8F7F6DFB9}.DVD-5|x86.Build.0 = Debug|x86
		{EB667992-2E04-4F57-B3C1-5EB8F7F6DFB9}.Release|Any CPU.ActiveCfg = Release|Any CPU
		{EB667992-2E04-4F57-B3C1-5EB8F7F6DFB9}.Release|Any CPU.Build.0 = Release|Any CPU
		{EB667992-2E04-4F57-B3C1-5EB8F7F6DFB9}.Release|x86.ActiveCfg = Release|x86
		{EB667992-2E04-4F57-B3C1-5EB8F7F6DFB9}.Release|x86.Build.0 = Release|x86
		{EB667992-2E04-4F57-B3C1-5EB8F7F6DFB9}.SingleImage|Any CPU.ActiveCfg = Debug|Any CPU
		{EB667992-2E04-4F57-B3C1-5EB8F7F6DFB9}.SingleImage|Any CPU.Build.0 = Debug|Any CPU
		{EB667992-2E04-4F57-B3C1-5EB8F7F6DFB9}.SingleImage|x86.ActiveCfg = Release|x86
		{EB667992-2E04-4F57-B3C1-5EB8F7F6DFB9}.SingleImage|x86.Build.0 = Release|x86
		{28068168-76BE-4C69-956A-E180C1212CBB}.CD_ROM|Any CPU.ActiveCfg = Release|Any CPU
		{28068168-76BE-4C69-956A-E180C1212CBB}.CD_ROM|Any CPU.Build.0 = Release|Any CPU
		{28068168-76BE-4C69-956A-E180C1212CBB}.CD_ROM|x86.ActiveCfg = Release|x86
		{28068168-76BE-4C69-956A-E180C1212CBB}.CD_ROM|x86.Build.0 = Release|x86
		{28068168-76BE-4C69-956A-E180C1212CBB}.Debug|Any CPU.ActiveCfg = Debug|Any CPU
		{28068168-76BE-4C69-956A-E180C1212CBB}.Debug|Any CPU.Build.0 = Debug|Any CPU
		{28068168-76BE-4C69-956A-E180C1212CBB}.Debug|x86.ActiveCfg = Debug|x86
		{28068168-76BE-4C69-956A-E180C1212CBB}.Debug|x86.Build.0 = Debug|x86
		{28068168-76BE-4C69-956A-E180C1212CBB}.DVD-5|Any CPU.ActiveCfg = Debug|Any CPU
		{28068168-76BE-4C69-956A-E180C1212CBB}.DVD-5|Any CPU.Build.0 = Debug|Any CPU
		{28068168-76BE-4C69-956A-E180C1212CBB}.DVD-5|x86.ActiveCfg = Debug|x86
		{28068168-76BE-4C69-956A-E180C1212CBB}.DVD-5|x86.Build.0 = Debug|x86
		{28068168-76BE-4C69-956A-E180C1212CBB}.Release|Any CPU.ActiveCfg = Release|Any CPU
		{28068168-76BE-4C69-956A-E180C1212CBB}.Release|Any CPU.Build.0 = Release|Any CPU
		{28068168-76BE-4C69-956A-E180C1212CBB}.Release|x86.ActiveCfg = Release|x86
		{28068168-76BE-4C69-956A-E180C1212CBB}.Release|x86.Build.0 = Release|x86
		{28068168-76BE-4C69-956A-E180C1212CBB}.SingleImage|Any CPU.ActiveCfg = Debug|Any CPU
		{28068168-76BE-4C69-956A-E180C1212CBB}.SingleImage|Any CPU.Build.0 = Debug|Any CPU
		{28068168-76BE-4C69-956A-E180C1212CBB}.SingleImage|x86.ActiveCfg = Release|x86
		{28068168-76BE-4C69-956A-E180C1212CBB}.SingleImage|x86.Build.0 = Release|x86
		{508A5328-255D-4DD7-8E5F-32FF5E37E41E}.CD_ROM|Any CPU.ActiveCfg = Release|Any CPU
		{508A5328-255D-4DD7-8E5F-32FF5E37E41E}.CD_ROM|Any CPU.Build.0 = Release|Any CPU
		{508A5328-255D-4DD7-8E5F-32FF5E37E41E}.CD_ROM|x86.ActiveCfg = Release|x86
		{508A5328-255D-4DD7-8E5F-32FF5E37E41E}.CD_ROM|x86.Build.0 = Release|x86
		{508A5328-255D-4DD7-8E5F-32FF5E37E41E}.Debug|Any CPU.ActiveCfg = Debug|Any CPU
		{508A5328-255D-4DD7-8E5F-32FF5E37E41E}.Debug|Any CPU.Build.0 = Debug|Any CPU
		{508A5328-255D-4DD7-8E5F-32FF5E37E41E}.Debug|x86.ActiveCfg = Debug|x86
		{508A5328-255D-4DD7-8E5F-32FF5E37E41E}.Debug|x86.Build.0 = Debug|x86
		{508A5328-255D-4DD7-8E5F-32FF5E37E41E}.DVD-5|Any CPU.ActiveCfg = Debug|Any CPU
		{508A5328-255D-4DD7-8E5F-32FF5E37E41E}.DVD-5|Any CPU.Build.0 = Debug|Any CPU
		{508A5328-255D-4DD7-8E5F-32FF5E37E41E}.DVD-5|x86.ActiveCfg = Debug|x86
		{508A5328-255D-4DD7-8E5F-32FF5E37E41E}.DVD-5|x86.Build.0 = Debug|x86
		{508A5328-255D-4DD7-8E5F-32FF5E37E41E}.Release|Any CPU.ActiveCfg = Release|Any CPU
		{508A5328-255D-4DD7-8E5F-32FF5E37E41E}.Release|Any CPU.Build.0 = Release|Any CPU
		{508A5328-255D-4DD7-8E5F-32FF5E37E41E}.Release|x86.ActiveCfg = Release|x86
		{508A5328-255D-4DD7-8E5F-32FF5E37E41E}.Release|x86.Build.0 = Release|x86
		{508A5328-255D-4DD7-8E5F-32FF5E37E41E}.SingleImage|Any CPU.ActiveCfg = Debug|Any CPU
		{508A5328-255D-4DD7-8E5F-32FF5E37E41E}.SingleImage|Any CPU.Build.0 = Debug|Any CPU
		{508A5328-255D-4DD7-8E5F-32FF5E37E41E}.SingleImage|x86.ActiveCfg = Release|x86
		{508A5328-255D-4DD7-8E5F-32FF5E37E41E}.SingleImage|x86.Build.0 = Release|x86
		{9742C179-0B75-48FB-95C4-F9C68C66F766}.CD_ROM|Any CPU.ActiveCfg = Release|Any CPU
		{9742C179-0B75-48FB-95C4-F9C68C66F766}.CD_ROM|Any CPU.Build.0 = Release|Any CPU
		{9742C179-0B75-48FB-95C4-F9C68C66F766}.CD_ROM|x86.ActiveCfg = Release|x86
		{9742C179-0B75-48FB-95C4-F9C68C66F766}.CD_ROM|x86.Build.0 = Release|x86
		{9742C179-0B75-48FB-95C4-F9C68C66F766}.Debug|Any CPU.ActiveCfg = Debug|Any CPU
		{9742C179-0B75-48FB-95C4-F9C68C66F766}.Debug|Any CPU.Build.0 = Debug|Any CPU
		{9742C179-0B75-48FB-95C4-F9C68C66F766}.Debug|x86.ActiveCfg = Debug|x86
		{9742C179-0B75-48FB-95C4-F9C68C66F766}.Debug|x86.Build.0 = Debug|x86
		{9742C179-0B75-48FB-95C4-F9C68C66F766}.DVD-5|Any CPU.ActiveCfg = Debug|Any CPU
		{9742C179-0B75-48FB-95C4-F9C68C66F766}.DVD-5|Any CPU.Build.0 = Debug|Any CPU
		{9742C179-0B75-48FB-95C4-F9C68C66F766}.DVD-5|x86.ActiveCfg = Debug|x86
		{9742C179-0B75-48FB-95C4-F9C68C66F766}.DVD-5|x86.Build.0 = Debug|x86
		{9742C179-0B75-48FB-95C4-F9C68C66F766}.Release|Any CPU.ActiveCfg = Release|Any CPU
		{9742C179-0B75-48FB-95C4-F9C68C66F766}.Release|Any CPU.Build.0 = Release|Any CPU
		{9742C179-0B75-48FB-95C4-F9C68C66F766}.Release|x86.ActiveCfg = Release|x86
		{9742C179-0B75-48FB-95C4-F9C68C66F766}.Release|x86.Build.0 = Release|x86
		{9742C179-0B75-48FB-95C4-F9C68C66F766}.SingleImage|Any CPU.ActiveCfg = Debug|Any CPU
		{9742C179-0B75-48FB-95C4-F9C68C66F766}.SingleImage|Any CPU.Build.0 = Debug|Any CPU
		{9742C179-0B75-48FB-95C4-F9C68C66F766}.SingleImage|x86.ActiveCfg = Release|x86
		{9742C179-0B75-48FB-95C4-F9C68C66F766}.SingleImage|x86.Build.0 = Release|x86
		{4F0587F7-B000-4DBB-BF2C-DC53022C561A}.CD_ROM|Any CPU.ActiveCfg = Release|Any CPU
		{4F0587F7-B000-4DBB-BF2C-DC53022C561A}.CD_ROM|Any CPU.Build.0 = Release|Any CPU
		{4F0587F7-B000-4DBB-BF2C-DC53022C561A}.CD_ROM|x86.ActiveCfg = Release|x86
		{4F0587F7-B000-4DBB-BF2C-DC53022C561A}.CD_ROM|x86.Build.0 = Release|x86
		{4F0587F7-B000-4DBB-BF2C-DC53022C561A}.Debug|Any CPU.ActiveCfg = Debug|Any CPU
		{4F0587F7-B000-4DBB-BF2C-DC53022C561A}.Debug|Any CPU.Build.0 = Debug|Any CPU
		{4F0587F7-B000-4DBB-BF2C-DC53022C561A}.Debug|x86.ActiveCfg = Debug|x86
		{4F0587F7-B000-4DBB-BF2C-DC53022C561A}.Debug|x86.Build.0 = Debug|x86
		{4F0587F7-B000-4DBB-BF2C-DC53022C561A}.DVD-5|Any CPU.ActiveCfg = Debug|Any CPU
		{4F0587F7-B000-4DBB-BF2C-DC53022C561A}.DVD-5|Any CPU.Build.0 = Debug|Any CPU
		{4F0587F7-B000-4DBB-BF2C-DC53022C561A}.DVD-5|x86.ActiveCfg = Debug|x86
		{4F0587F7-B000-4DBB-BF2C-DC53022C561A}.DVD-5|x86.Build.0 = Debug|x86
		{4F0587F7-B000-4DBB-BF2C-DC53022C561A}.Release|Any CPU.ActiveCfg = Release|Any CPU
		{4F0587F7-B000-4DBB-BF2C-DC53022C561A}.Release|Any CPU.Build.0 = Release|Any CPU
		{4F0587F7-B000-4DBB-BF2C-DC53022C561A}.Release|x86.ActiveCfg = Release|x86
		{4F0587F7-B000-4DBB-BF2C-DC53022C561A}.Release|x86.Build.0 = Release|x86
		{4F0587F7-B000-4DBB-BF2C-DC53022C561A}.SingleImage|Any CPU.ActiveCfg = Debug|Any CPU
		{4F0587F7-B000-4DBB-BF2C-DC53022C561A}.SingleImage|Any CPU.Build.0 = Debug|Any CPU
		{4F0587F7-B000-4DBB-BF2C-DC53022C561A}.SingleImage|x86.ActiveCfg = Release|x86
		{4F0587F7-B000-4DBB-BF2C-DC53022C561A}.SingleImage|x86.Build.0 = Release|x86
		{63EA089E-7360-43F1-B421-360173F2341C}.CD_ROM|Any CPU.ActiveCfg = Release|Any CPU
		{63EA089E-7360-43F1-B421-360173F2341C}.CD_ROM|Any CPU.Build.0 = Release|Any CPU
		{63EA089E-7360-43F1-B421-360173F2341C}.CD_ROM|x86.ActiveCfg = Release|x86
		{63EA089E-7360-43F1-B421-360173F2341C}.CD_ROM|x86.Build.0 = Release|x86
		{63EA089E-7360-43F1-B421-360173F2341C}.Debug|Any CPU.ActiveCfg = Debug|Any CPU
		{63EA089E-7360-43F1-B421-360173F2341C}.Debug|Any CPU.Build.0 = Debug|Any CPU
		{63EA089E-7360-43F1-B421-360173F2341C}.Debug|x86.ActiveCfg = Debug|x86
		{63EA089E-7360-43F1-B421-360173F2341C}.Debug|x86.Build.0 = Debug|x86
		{63EA089E-7360-43F1-B421-360173F2341C}.DVD-5|Any CPU.ActiveCfg = Debug|Any CPU
		{63EA089E-7360-43F1-B421-360173F2341C}.DVD-5|Any CPU.Build.0 = Debug|Any CPU
		{63EA089E-7360-43F1-B421-360173F2341C}.DVD-5|x86.ActiveCfg = Debug|x86
		{63EA089E-7360-43F1-B421-360173F2341C}.DVD-5|x86.Build.0 = Debug|x86
		{63EA089E-7360-43F1-B421-360173F2341C}.Release|Any CPU.ActiveCfg = Release|Any CPU
		{63EA089E-7360-43F1-B421-360173F2341C}.Release|Any CPU.Build.0 = Release|Any CPU
		{63EA089E-7360-43F1-B421-360173F2341C}.Release|x86.ActiveCfg = Release|x86
		{63EA089E-7360-43F1-B421-360173F2341C}.Release|x86.Build.0 = Release|x86
		{63EA089E-7360-43F1-B421-360173F2341C}.SingleImage|Any CPU.ActiveCfg = Debug|Any CPU
		{63EA089E-7360-43F1-B421-360173F2341C}.SingleImage|Any CPU.Build.0 = Debug|Any CPU
		{63EA089E-7360-43F1-B421-360173F2341C}.SingleImage|x86.ActiveCfg = Release|x86
		{63EA089E-7360-43F1-B421-360173F2341C}.SingleImage|x86.Build.0 = Release|x86
		{8F51683F-99C5-46E1-A126-E5A057015E39}.CD_ROM|Any CPU.ActiveCfg = CD_ROM
		{8F51683F-99C5-46E1-A126-E5A057015E39}.CD_ROM|Any CPU.Build.0 = CD_ROM
		{8F51683F-99C5-46E1-A126-E5A057015E39}.CD_ROM|x86.ActiveCfg = CD_ROM
		{8F51683F-99C5-46E1-A126-E5A057015E39}.CD_ROM|x86.Build.0 = CD_ROM
		{8F51683F-99C5-46E1-A126-E5A057015E39}.Debug|Any CPU.ActiveCfg = DVD-5
		{8F51683F-99C5-46E1-A126-E5A057015E39}.Debug|x86.ActiveCfg = DVD-5
		{8F51683F-99C5-46E1-A126-E5A057015E39}.Debug|x86.Build.0 = DVD-5
		{8F51683F-99C5-46E1-A126-E5A057015E39}.DVD-5|Any CPU.ActiveCfg = DVD-5
		{8F51683F-99C5-46E1-A126-E5A057015E39}.DVD-5|Any CPU.Build.0 = DVD-5
		{8F51683F-99C5-46E1-A126-E5A057015E39}.DVD-5|x86.ActiveCfg = DVD-5
		{8F51683F-99C5-46E1-A126-E5A057015E39}.DVD-5|x86.Build.0 = DVD-5
		{8F51683F-99C5-46E1-A126-E5A057015E39}.Release|Any CPU.ActiveCfg = SingleImage
		{8F51683F-99C5-46E1-A126-E5A057015E39}.Release|x86.ActiveCfg = SingleImage
		{8F51683F-99C5-46E1-A126-E5A057015E39}.Release|x86.Build.0 = SingleImage
		{8F51683F-99C5-46E1-A126-E5A057015E39}.SingleImage|Any CPU.ActiveCfg = SingleImage
		{8F51683F-99C5-46E1-A126-E5A057015E39}.SingleImage|Any CPU.Build.0 = SingleImage
		{8F51683F-99C5-46E1-A126-E5A057015E39}.SingleImage|x86.ActiveCfg = SingleImage
		{8F51683F-99C5-46E1-A126-E5A057015E39}.SingleImage|x86.Build.0 = SingleImage
		{E3809E79-FE0A-4425-A1A1-575F6719EC45}.CD_ROM|Any CPU.ActiveCfg = Release|Any CPU
		{E3809E79-FE0A-4425-A1A1-575F6719EC45}.CD_ROM|Any CPU.Build.0 = Release|Any CPU
		{E3809E79-FE0A-4425-A1A1-575F6719EC45}.CD_ROM|x86.ActiveCfg = Release|x86
		{E3809E79-FE0A-4425-A1A1-575F6719EC45}.CD_ROM|x86.Build.0 = Release|x86
		{E3809E79-FE0A-4425-A1A1-575F6719EC45}.Debug|Any CPU.ActiveCfg = Debug|Any CPU
		{E3809E79-FE0A-4425-A1A1-575F6719EC45}.Debug|Any CPU.Build.0 = Debug|Any CPU
		{E3809E79-FE0A-4425-A1A1-575F6719EC45}.Debug|x86.ActiveCfg = Debug|x86
		{E3809E79-FE0A-4425-A1A1-575F6719EC45}.Debug|x86.Build.0 = Debug|x86
		{E3809E79-FE0A-4425-A1A1-575F6719EC45}.DVD-5|Any CPU.ActiveCfg = Debug|Any CPU
		{E3809E79-FE0A-4425-A1A1-575F6719EC45}.DVD-5|Any CPU.Build.0 = Debug|Any CPU
		{E3809E79-FE0A-4425-A1A1-575F6719EC45}.DVD-5|x86.ActiveCfg = Debug|x86
		{E3809E79-FE0A-4425-A1A1-575F6719EC45}.DVD-5|x86.Build.0 = Debug|x86
		{E3809E79-FE0A-4425-A1A1-575F6719EC45}.Release|Any CPU.ActiveCfg = Release|Any CPU
		{E3809E79-FE0A-4425-A1A1-575F6719EC45}.Release|Any CPU.Build.0 = Release|Any CPU
		{E3809E79-FE0A-4425-A1A1-575F6719EC45}.Release|x86.ActiveCfg = Release|x86
		{E3809E79-FE0A-4425-A1A1-575F6719EC45}.Release|x86.Build.0 = Release|x86
		{E3809E79-FE0A-4425-A1A1-575F6719EC45}.SingleImage|Any CPU.ActiveCfg = Debug|Any CPU
		{E3809E79-FE0A-4425-A1A1-575F6719EC45}.SingleImage|Any CPU.Build.0 = Debug|Any CPU
		{E3809E79-FE0A-4425-A1A1-575F6719EC45}.SingleImage|x86.ActiveCfg = Release|x86
		{E3809E79-FE0A-4425-A1A1-575F6719EC45}.SingleImage|x86.Build.0 = Release|x86
		{C257544B-C940-4278-B56F-E2C9EEA94104}.CD_ROM|Any CPU.ActiveCfg = Release|Any CPU
		{C257544B-C940-4278-B56F-E2C9EEA94104}.CD_ROM|Any CPU.Build.0 = Release|Any CPU
		{C257544B-C940-4278-B56F-E2C9EEA94104}.CD_ROM|x86.ActiveCfg = Release|x86
		{C257544B-C940-4278-B56F-E2C9EEA94104}.CD_ROM|x86.Build.0 = Release|x86
		{C257544B-C940-4278-B56F-E2C9EEA94104}.Debug|Any CPU.ActiveCfg = Debug|Any CPU
		{C257544B-C940-4278-B56F-E2C9EEA94104}.Debug|Any CPU.Build.0 = Debug|Any CPU
		{C257544B-C940-4278-B56F-E2C9EEA94104}.Debug|x86.ActiveCfg = Debug|x86
		{C257544B-C940-4278-B56F-E2C9EEA94104}.Debug|x86.Build.0 = Debug|x86
		{C257544B-C940-4278-B56F-E2C9EEA94104}.DVD-5|Any CPU.ActiveCfg = Debug|Any CPU
		{C257544B-C940-4278-B56F-E2C9EEA94104}.DVD-5|Any CPU.Build.0 = Debug|Any CPU
		{C257544B-C940-4278-B56F-E2C9EEA94104}.DVD-5|x86.ActiveCfg = Debug|x86
		{C257544B-C940-4278-B56F-E2C9EEA94104}.DVD-5|x86.Build.0 = Debug|x86
		{C257544B-C940-4278-B56F-E2C9EEA94104}.Release|Any CPU.ActiveCfg = Release|Any CPU
		{C257544B-C940-4278-B56F-E2C9EEA94104}.Release|Any CPU.Build.0 = Release|Any CPU
		{C257544B-C940-4278-B56F-E2C9EEA94104}.Release|x86.ActiveCfg = Release|x86
		{C257544B-C940-4278-B56F-E2C9EEA94104}.Release|x86.Build.0 = Release|x86
		{C257544B-C940-4278-B56F-E2C9EEA94104}.SingleImage|Any CPU.ActiveCfg = Debug|Any CPU
		{C257544B-C940-4278-B56F-E2C9EEA94104}.SingleImage|Any CPU.Build.0 = Debug|Any CPU
		{C257544B-C940-4278-B56F-E2C9EEA94104}.SingleImage|x86.ActiveCfg = Release|x86
		{C257544B-C940-4278-B56F-E2C9EEA94104}.SingleImage|x86.Build.0 = Release|x86
		{110908B2-4B2A-4D0D-8953-A3D255610F05}.CD_ROM|Any CPU.ActiveCfg = Release|Any CPU
		{110908B2-4B2A-4D0D-8953-A3D255610F05}.CD_ROM|Any CPU.Build.0 = Release|Any CPU
		{110908B2-4B2A-4D0D-8953-A3D255610F05}.CD_ROM|x86.ActiveCfg = Release|Any CPU
		{110908B2-4B2A-4D0D-8953-A3D255610F05}.Debug|Any CPU.ActiveCfg = Debug|Any CPU
		{110908B2-4B2A-4D0D-8953-A3D255610F05}.Debug|x86.ActiveCfg = Debug|Any CPU
		{110908B2-4B2A-4D0D-8953-A3D255610F05}.DVD-5|Any CPU.ActiveCfg = Debug|Any CPU
		{110908B2-4B2A-4D0D-8953-A3D255610F05}.DVD-5|Any CPU.Build.0 = Debug|Any CPU
		{110908B2-4B2A-4D0D-8953-A3D255610F05}.DVD-5|x86.ActiveCfg = Debug|Any CPU
		{110908B2-4B2A-4D0D-8953-A3D255610F05}.Release|Any CPU.ActiveCfg = Release|Any CPU
		{110908B2-4B2A-4D0D-8953-A3D255610F05}.Release|Any CPU.Build.0 = Release|Any CPU
		{110908B2-4B2A-4D0D-8953-A3D255610F05}.Release|x86.ActiveCfg = Release|Any CPU
		{110908B2-4B2A-4D0D-8953-A3D255610F05}.SingleImage|Any CPU.ActiveCfg = Release|Any CPU
		{110908B2-4B2A-4D0D-8953-A3D255610F05}.SingleImage|Any CPU.Build.0 = Release|Any CPU
		{110908B2-4B2A-4D0D-8953-A3D255610F05}.SingleImage|x86.ActiveCfg = Release|Any CPU
	EndGlobalSection
	GlobalSection(SolutionProperties) = preSolution
		HideSolutionNode = FALSE
	EndGlobalSection
	GlobalSection(NestedProjects) = preSolution
		{D286D52E-7BD8-4768-800A-A9DC75EFAE0E} = {83237CF3-A722-4BB8-9123-377BCED7BE0F}
		{0A83D068-D0CD-40BC-8CE5-784586C5110A} = {83237CF3-A722-4BB8-9123-377BCED7BE0F}
		{7DDE46BE-B173-4E23-8F3D-F51679D68A04} = {83237CF3-A722-4BB8-9123-377BCED7BE0F}
		{B544A265-8F94-45A0-A420-A680E477E23C} = {83237CF3-A722-4BB8-9123-377BCED7BE0F}
		{C257544B-C940-4278-B56F-E2C9EEA94104} = {D286D52E-7BD8-4768-800A-A9DC75EFAE0E}
		{9B228E11-16E4-49B0-AE40-F3FC67E57240} = {0A83D068-D0CD-40BC-8CE5-784586C5110A}
		{EB667992-2E04-4F57-B3C1-5EB8F7F6DFB9} = {0A83D068-D0CD-40BC-8CE5-784586C5110A}
		{28068168-76BE-4C69-956A-E180C1212CBB} = {0A83D068-D0CD-40BC-8CE5-784586C5110A}
		{508A5328-255D-4DD7-8E5F-32FF5E37E41E} = {0A83D068-D0CD-40BC-8CE5-784586C5110A}
		{125D9251-7CD0-4801-AB84-CB3F1F6978B1} = {19A0C8AB-AA05-4489-BFA6-D2A0DD990CAE}
		{6EC9BD9E-DA82-48DB-A01B-7BB90E1A1F71} = {19A0C8AB-AA05-4489-BFA6-D2A0DD990CAE}
		{518F1B56-8857-4719-B43D-CFA9E8122184} = {19A0C8AB-AA05-4489-BFA6-D2A0DD990CAE}
		{E3809E79-FE0A-4425-A1A1-575F6719EC45} = {19A0C8AB-AA05-4489-BFA6-D2A0DD990CAE}
		{6B825D69-E9BF-4EFE-B39A-8C2291921447} = {7DDE46BE-B173-4E23-8F3D-F51679D68A04}
		{53394454-208E-4C45-A9E4-F056A3E7EDDF} = {B544A265-8F94-45A0-A420-A680E477E23C}
	EndGlobalSection
EndGlobal
